
Microsoft Visual Studio Solution File, Format Version 12.00
# Visual Studio Version 17
VisualStudioVersion = 17.1.32210.238
MinimumVisualStudioVersion = 10.0.40219.1
Project("{9A19103F-16F7-4668-BE54-9A1E7A4F7556}") = "KhN.Server", "KhN.Server\KhN.Server.csproj", "{ADAA3A47-4715-4A03-A7D1-DA1EAE6E6B3B}"
EndProject
Project("{2150E333-8FDC-42A3-9474-1A3956D46DE8}") = "Solution Items", "Solution Items", "{4990DA5A-3B0D-4506-9E50-18A50E6370CD}"
	ProjectSection(SolutionItems) = preProject
		Information.txt = Information.txt
	EndProjectSection
EndProject
Project("{FAE04EC0-301F-11D3-BF4B-00C04F79EFBC}") = "KhN.Old.Server", "KhN.Old.Server\KhN.Old.Server.csproj", "{1D52518C-3F7A-4E7D-BEC1-F59FF18A5930}"
EndProject
Project("{2150E333-8FDC-42A3-9474-1A3956D46DE8}") = "Education", "Education", "{4D85790C-E16D-4723-9479-99629FF04D46}"
EndProject
Project("{2150E333-8FDC-42A3-9474-1A3956D46DE8}") = "Final", "Final", "{7E49EE96-32C1-4942-A822-87539FAB4D46}"
EndProject
Project("{FAE04EC0-301F-11D3-BF4B-00C04F79EFBC}") = "KhN.Final.Server", "KhN.Final.Server\KhN.Final.Server.csproj", "{02B97A2F-2914-4A88-967C-333C7862F717}"
EndProject
Project("{FAE04EC0-301F-11D3-BF4B-00C04F79EFBC}") = "KhN.LogingLibrary", "KhN.LogingLibrary\KhN.LogingLibrary.csproj", "{9803F130-A26B-4B26-B7AF-FACC707A1B0B}"
EndProject
Global
	GlobalSection(SolutionConfigurationPlatforms) = preSolution
		Debug|Any CPU = Debug|Any CPU
		Release|Any CPU = Release|Any CPU
	EndGlobalSection
	GlobalSection(ProjectConfigurationPlatforms) = postSolution
		{ADAA3A47-4715-4A03-A7D1-DA1EAE6E6B3B}.Debug|Any CPU.ActiveCfg = Debug|Any CPU
		{ADAA3A47-4715-4A03-A7D1-DA1EAE6E6B3B}.Debug|Any CPU.Build.0 = Debug|Any CPU
		{ADAA3A47-4715-4A03-A7D1-DA1EAE6E6B3B}.Release|Any CPU.ActiveCfg = Release|Any CPU
		{ADAA3A47-4715-4A03-A7D1-DA1EAE6E6B3B}.Release|Any CPU.Build.0 = Release|Any CPU
		{1D52518C-3F7A-4E7D-BEC1-F59FF18A5930}.Debug|Any CPU.ActiveCfg = Debug|Any CPU
		{1D52518C-3F7A-4E7D-BEC1-F59FF18A5930}.Debug|Any CPU.Build.0 = Debug|Any CPU
		{1D52518C-3F7A-4E7D-BEC1-F59FF18A5930}.Release|Any CPU.ActiveCfg = Release|Any CPU
		{1D52518C-3F7A-4E7D-BEC1-F59FF18A5930}.Release|Any CPU.Build.0 = Release|Any CPU
		{02B97A2F-2914-4A88-967C-333C7862F717}.Debug|Any CPU.ActiveCfg = Debug|Any CPU
		{02B97A2F-2914-4A88-967C-333C7862F717}.Debug|Any CPU.Build.0 = Debug|Any CPU
		{02B97A2F-2914-4A88-967C-333C7862F717}.Release|Any CPU.ActiveCfg = Release|Any CPU
		{02B97A2F-2914-4A88-967C-333C7862F717}.Release|Any CPU.Build.0 = Release|Any CPU
		{9803F130-A26B-4B26-B7AF-FACC707A1B0B}.Debug|Any CPU.ActiveCfg = Debug|Any CPU
		{9803F130-A26B-4B26-B7AF-FACC707A1B0B}.Debug|Any CPU.Build.0 = Debug|Any CPU
		{9803F130-A26B-4B26-B7AF-FACC707A1B0B}.Release|Any CPU.ActiveCfg = Release|Any CPU
		{9803F130-A26B-4B26-B7AF-FACC707A1B0B}.Release|Any CPU.Build.0 = Release|Any CPU
	EndGlobalSection
	GlobalSection(SolutionProperties) = preSolution
		HideSolutionNode = FALSE
	EndGlobalSection
	GlobalSection(NestedProjects) = preSolution
		{ADAA3A47-4715-4A03-A7D1-DA1EAE6E6B3B} = {4D85790C-E16D-4723-9479-99629FF04D46}
		{1D52518C-3F7A-4E7D-BEC1-F59FF18A5930} = {4D85790C-E16D-4723-9479-99629FF04D46}
		{02B97A2F-2914-4A88-967C-333C7862F717} = {7E49EE96-32C1-4942-A822-87539FAB4D46}
		{9803F130-A26B-4B26-B7AF-FACC707A1B0B} = {7E49EE96-32C1-4942-A822-87539FAB4D46}
	EndGlobalSection
	GlobalSection(ExtensibilityGlobals) = postSolution
		SolutionGuid = {3DDBDA3C-1F3F-478B-B141-557203525E6B}
	EndGlobalSection
EndGlobal
